
Microsoft Visual Studio Solution File, Format Version 12.00
# Visual Studio Version 17
VisualStudioVersion = 17.13.35828.75 d17.13
MinimumVisualStudioVersion = 10.0.40219.1
Project("{FAE04EC0-301F-11D3-BF4B-00C04F79EFBC}") = "TP3-CSharp", "TP3-CSharp.csproj", "{06B0E529-24B8-4C39-86F8-FD4AAED86B6E}"
EndProject
Global
	GlobalSection(SolutionConfigurationPlatforms) = preSolution
		Debug|Any CPU = Debug|Any CPU
		Release|Any CPU = Release|Any CPU
	EndGlobalSection
	GlobalSection(ProjectConfigurationPlatforms) = postSolution
		{06B0E529-24B8-4C39-86F8-FD4AAED86B6E}.Debug|Any CPU.ActiveCfg = Debug|Any CPU
		{06B0E529-24B8-4C39-86F8-FD4AAED86B6E}.Debug|Any CPU.Build.0 = Debug|Any CPU
		{06B0E529-24B8-4C39-86F8-FD4AAED86B6E}.Release|Any CPU.ActiveCfg = Release|Any CPU
		{06B0E529-24B8-4C39-86F8-FD4AAED86B6E}.Release|Any CPU.Build.0 = Release|Any CPU
	EndGlobalSection
	GlobalSection(SolutionProperties) = preSolution
		HideSolutionNode = FALSE
	EndGlobalSection
	GlobalSection(ExtensibilityGlobals) = postSolution
		SolutionGuid = {7DF5CAD3-A2CD-4873-8A98-0BE175292CA2}
	EndGlobalSection
EndGlobal
